# This file is automatically @generated by Cargo.
# It is not intended for manual editing.
version = 3

[[package]]
name = "byte-unit"
version = "4.0.18"
source = "registry+https://github.com/rust-lang/crates.io-index"
checksum = "3348673602e04848647fffaa8e9a861e7b5d5cae6570727b41bde0f722514484"
dependencies = [
 "serde",
 "utf8-width",
]

[[package]]
name = "file-size-check"
version = "0.1.0"
dependencies = [
 "byte-unit",
]

[[package]]
name = "serde"
version = "1.0.150"
source = "registry+https://github.com/rust-lang/crates.io-index"
checksum = "e326c9ec8042f1b5da33252c8a37e9ffbd2c9bef0155215b6e6c80c790e05f91"

[[package]]
name = "utf8-width"
version = "0.1.6"
source = "registry+https://github.com/rust-lang/crates.io-index"
checksum = "5190c9442dcdaf0ddd50f37420417d219ae5261bbf5db120d0f9bab996c9cba1"
